
Microsoft Visual Studio Solution File, Format Version 12.00
# Visual Studio Version 17
VisualStudioVersion = 17.13.35818.85 d17.13
MinimumVisualStudioVersion = 10.0.40219.1
Project("{FAE04EC0-301F-11D3-BF4B-00C04F79EFBC}") = "TravelProject", "TravelProject\TravelProject.csproj", "{D8F0F49A-222F-4198-B938-F992DEE38376}"
EndProject
Project("{FAE04EC0-301F-11D3-BF4B-00C04F79EFBC}") = "EntityLayer", "EntityLayer\EntityLayer.csproj", "{10C0AE10-EF24-4828-B1B5-BEAA9849809E}"
EndProject
Project("{FAE04EC0-301F-11D3-BF4B-00C04F79EFBC}") = "DataAccessLayer", "DataAccessLayer\DataAccessLayer.csproj", "{615C710F-D07B-4F25-B598-8F66FB138A17}"
EndProject
Project("{FAE04EC0-301F-11D3-BF4B-00C04F79EFBC}") = "BusinessLayer", "BusinessLayer\BusinessLayer.csproj", "{94CE5637-1486-4348-9636-B82A45182D4B}"
EndProject
Global
	GlobalSection(SolutionConfigurationPlatforms) = preSolution
		Debug|Any CPU = Debug|Any CPU
		Release|Any CPU = Release|Any CPU
	EndGlobalSection
	GlobalSection(ProjectConfigurationPlatforms) = postSolution
		{D8F0F49A-222F-4198-B938-F992DEE38376}.Debug|Any CPU.ActiveCfg = Debug|Any CPU
		{D8F0F49A-222F-4198-B938-F992DEE38376}.Debug|Any CPU.Build.0 = Debug|Any CPU
		{D8F0F49A-222F-4198-B938-F992DEE38376}.Release|Any CPU.ActiveCfg = Release|Any CPU
		{D8F0F49A-222F-4198-B938-F992DEE38376}.Release|Any CPU.Build.0 = Release|Any CPU
		{10C0AE10-EF24-4828-B1B5-BEAA9849809E}.Debug|Any CPU.ActiveCfg = Debug|Any CPU
		{10C0AE10-EF24-4828-B1B5-BEAA9849809E}.Debug|Any CPU.Build.0 = Debug|Any CPU
		{10C0AE10-EF24-4828-B1B5-BEAA9849809E}.Release|Any CPU.ActiveCfg = Release|Any CPU
		{10C0AE10-EF24-4828-B1B5-BEAA9849809E}.Release|Any CPU.Build.0 = Release|Any CPU
		{615C710F-D07B-4F25-B598-8F66FB138A17}.Debug|Any CPU.ActiveCfg = Debug|Any CPU
		{615C710F-D07B-4F25-B598-8F66FB138A17}.Debug|Any CPU.Build.0 = Debug|Any CPU
		{615C710F-D07B-4F25-B598-8F66FB138A17}.Release|Any CPU.ActiveCfg = Release|Any CPU
		{615C710F-D07B-4F25-B598-8F66FB138A17}.Release|Any CPU.Build.0 = Release|Any CPU
		{94CE5637-1486-4348-9636-B82A45182D4B}.Debug|Any CPU.ActiveCfg = Debug|Any CPU
		{94CE5637-1486-4348-9636-B82A45182D4B}.Debug|Any CPU.Build.0 = Debug|Any CPU
		{94CE5637-1486-4348-9636-B82A45182D4B}.Release|Any CPU.ActiveCfg = Release|Any CPU
		{94CE5637-1486-4348-9636-B82A45182D4B}.Release|Any CPU.Build.0 = Release|Any CPU
	EndGlobalSection
	GlobalSection(SolutionProperties) = preSolution
		HideSolutionNode = FALSE
	EndGlobalSection
	GlobalSection(ExtensibilityGlobals) = postSolution
		SolutionGuid = {1E6114B7-B5E7-442B-A88C-EF34E83275B0}
	EndGlobalSection
EndGlobal
